
Microsoft Visual Studio Solution File, Format Version 12.00
# Visual Studio Version 17
VisualStudioVersion = 17.11.35208.52
MinimumVisualStudioVersion = 10.0.40219.1
Project("{2150E333-8FDC-42A3-9474-1A3956D46DE8}") = "FrontEnd", "FrontEnd", "{8B1A9BD8-62D7-4E27-83B8-BA9722248516}"
EndProject
Project("{2150E333-8FDC-42A3-9474-1A3956D46DE8}") = "Gateway", "Gateway", "{C54A4F0A-1D5D-42A3-B31C-8FC99B680F80}"
EndProject
Project("{2150E333-8FDC-42A3-9474-1A3956D46DE8}") = "Integration", "Integration", "{7372742A-0748-4B38-8862-F212EF1EB9E8}"
EndProject
Project("{2150E333-8FDC-42A3-9474-1A3956D46DE8}") = "Services", "Services", "{7EC7803F-28DF-4D16-892E-02603A02710F}"
EndProject
Project("{9A19103F-16F7-4668-BE54-9A1E7A4F7556}") = "DefineX.Services.ProductAPI", "DefineX.Services.ProductAPI\DefineX.Services.ProductAPI.csproj", "{9A4958B6-7118-4CC1-B38C-FDC1C03802EA}"
EndProject
Project("{9A19103F-16F7-4668-BE54-9A1E7A4F7556}") = "DefineX.Services.Identity", "DefineX.Services.Identity\DefineX.Services.Identity.csproj", "{3E3ACD92-337F-4978-B865-0A841775A5E5}"
EndProject
Project("{9A19103F-16F7-4668-BE54-9A1E7A4F7556}") = "DefineXWeb", "DefineXWeb\DefineXWeb.csproj", "{2C984606-539A-4F09-960A-7230387B37BB}"
EndProject
Project("{9A19103F-16F7-4668-BE54-9A1E7A4F7556}") = "DefineX.Services.CouponAPI", "DefineX.Services.CouponAPI\DefineX.Services.CouponAPI.csproj", "{295169DE-6C40-4F2A-92DA-DF76CF6F543B}"
EndProject
Project("{9A19103F-16F7-4668-BE54-9A1E7A4F7556}") = "DefineX.Services.ShoppingCartAPI", "DefineX.Services.ShoppingCartAPI\DefineX.Services.ShoppingCartAPI.csproj", "{B829E828-804F-4DCA-9042-C6C027C9CC12}"
EndProject
Project("{9A19103F-16F7-4668-BE54-9A1E7A4F7556}") = "DefineX.MessageBus", "DefineX.MessageBus\DefineX.MessageBus.csproj", "{BFD20665-E742-4625-8A45-019BB4221E1A}"
EndProject
Project("{FAE04EC0-301F-11D3-BF4B-00C04F79EFBC}") = "ApıGateway", "ApıGateway\ApıGateway.csproj", "{BBAE2A37-E170-4585-BEC8-AC64C2D61813}"
EndProject
Global
	GlobalSection(SolutionConfigurationPlatforms) = preSolution
		Debug|Any CPU = Debug|Any CPU
		Release|Any CPU = Release|Any CPU
	EndGlobalSection
	GlobalSection(ProjectConfigurationPlatforms) = postSolution
		{9A4958B6-7118-4CC1-B38C-FDC1C03802EA}.Debug|Any CPU.ActiveCfg = Debug|Any CPU
		{9A4958B6-7118-4CC1-B38C-FDC1C03802EA}.Debug|Any CPU.Build.0 = Debug|Any CPU
		{9A4958B6-7118-4CC1-B38C-FDC1C03802EA}.Release|Any CPU.ActiveCfg = Release|Any CPU
		{9A4958B6-7118-4CC1-B38C-FDC1C03802EA}.Release|Any CPU.Build.0 = Release|Any CPU
		{3E3ACD92-337F-4978-B865-0A841775A5E5}.Debug|Any CPU.ActiveCfg = Debug|Any CPU
		{3E3ACD92-337F-4978-B865-0A841775A5E5}.Debug|Any CPU.Build.0 = Debug|Any CPU
		{3E3ACD92-337F-4978-B865-0A841775A5E5}.Release|Any CPU.ActiveCfg = Release|Any CPU
		{3E3ACD92-337F-4978-B865-0A841775A5E5}.Release|Any CPU.Build.0 = Release|Any CPU
		{2C984606-539A-4F09-960A-7230387B37BB}.Debug|Any CPU.ActiveCfg = Debug|Any CPU
		{2C984606-539A-4F09-960A-7230387B37BB}.Debug|Any CPU.Build.0 = Debug|Any CPU
		{2C984606-539A-4F09-960A-7230387B37BB}.Release|Any CPU.ActiveCfg = Release|Any CPU
		{2C984606-539A-4F09-960A-7230387B37BB}.Release|Any CPU.Build.0 = Release|Any CPU
		{295169DE-6C40-4F2A-92DA-DF76CF6F543B}.Debug|Any CPU.ActiveCfg = Debug|Any CPU
		{295169DE-6C40-4F2A-92DA-DF76CF6F543B}.Debug|Any CPU.Build.0 = Debug|Any CPU
		{295169DE-6C40-4F2A-92DA-DF76CF6F543B}.Release|Any CPU.ActiveCfg = Release|Any CPU
		{295169DE-6C40-4F2A-92DA-DF76CF6F543B}.Release|Any CPU.Build.0 = Release|Any CPU
		{B829E828-804F-4DCA-9042-C6C027C9CC12}.Debug|Any CPU.ActiveCfg = Debug|Any CPU
		{B829E828-804F-4DCA-9042-C6C027C9CC12}.Debug|Any CPU.Build.0 = Debug|Any CPU
		{B829E828-804F-4DCA-9042-C6C027C9CC12}.Release|Any CPU.ActiveCfg = Release|Any CPU
		{B829E828-804F-4DCA-9042-C6C027C9CC12}.Release|Any CPU.Build.0 = Release|Any CPU
		{BFD20665-E742-4625-8A45-019BB4221E1A}.Debug|Any CPU.ActiveCfg = Debug|Any CPU
		{BFD20665-E742-4625-8A45-019BB4221E1A}.Debug|Any CPU.Build.0 = Debug|Any CPU
		{BFD20665-E742-4625-8A45-019BB4221E1A}.Release|Any CPU.ActiveCfg = Release|Any CPU
		{BFD20665-E742-4625-8A45-019BB4221E1A}.Release|Any CPU.Build.0 = Release|Any CPU
		{BBAE2A37-E170-4585-BEC8-AC64C2D61813}.Debug|Any CPU.ActiveCfg = Debug|Any CPU
		{BBAE2A37-E170-4585-BEC8-AC64C2D61813}.Debug|Any CPU.Build.0 = Debug|Any CPU
		{BBAE2A37-E170-4585-BEC8-AC64C2D61813}.Release|Any CPU.ActiveCfg = Release|Any CPU
		{BBAE2A37-E170-4585-BEC8-AC64C2D61813}.Release|Any CPU.Build.0 = Release|Any CPU
	EndGlobalSection
	GlobalSection(SolutionProperties) = preSolution
		HideSolutionNode = FALSE
	EndGlobalSection
	GlobalSection(NestedProjects) = preSolution
		{9A4958B6-7118-4CC1-B38C-FDC1C03802EA} = {7EC7803F-28DF-4D16-892E-02603A02710F}
		{3E3ACD92-337F-4978-B865-0A841775A5E5} = {7EC7803F-28DF-4D16-892E-02603A02710F}
		{2C984606-539A-4F09-960A-7230387B37BB} = {8B1A9BD8-62D7-4E27-83B8-BA9722248516}
		{295169DE-6C40-4F2A-92DA-DF76CF6F543B} = {7EC7803F-28DF-4D16-892E-02603A02710F}
		{B829E828-804F-4DCA-9042-C6C027C9CC12} = {7EC7803F-28DF-4D16-892E-02603A02710F}
		{BFD20665-E742-4625-8A45-019BB4221E1A} = {7372742A-0748-4B38-8862-F212EF1EB9E8}
		{BBAE2A37-E170-4585-BEC8-AC64C2D61813} = {C54A4F0A-1D5D-42A3-B31C-8FC99B680F80}
	EndGlobalSection
	GlobalSection(ExtensibilityGlobals) = postSolution
		SolutionGuid = {04F73DAC-D999-42A9-978A-9AE89A28C285}
	EndGlobalSection
EndGlobal
